<Solution>
  <Folder Name="/SolutionItems/">
    <File Path=".editorconfig" />
    <File Path=".gitattributes" />
    <File Path=".gitignore" />
    <File Path="Directory.Build.props" />
    <File Path="Directory.Packages.props" />
    <File Path="global.json" />
    <File Path="nuget.config" />
    <File Path="version.json" />
  </Folder>
  <Folder Name="/src/">
    <Project Path="src/App.Domain/App.Domain.csproj" />
    <Project Path="src/App.Application/App.Application.csproj" />
    <Project Path="src/App.Infrastructure.Inbound/App.Infrastructure.Inbound.csproj" />
    <Project Path="src/App.Infrastructure.Outbound/App.Infrastructure.Outbound.csproj" />
    <Project Path="src/App.Infrastructure.Persistence/App.Infrastructure.Persistence.csproj" />
    <Project Path="src/App.Ui.Avalonia/App.Ui.Avalonia.csproj" />
  </Folder>
  <Folder Name="/tests/">
    <Project Path="tests/App.Domain.Tests/App.Domain.Tests.csproj" />
    <Project Path="tests/App.Domain.Specs/App.Domain.Specs.csproj" />
    <Project Path="tests/App.Architecture.Tests/App.Architecture.Tests.csproj" />
  </Folder>
</Solution>
